
Microsoft Visual Studio Solution File, Format Version 12.00
# Visual Studio Version 17
VisualStudioVersion = 17.12.35521.163
MinimumVisualStudioVersion = 10.0.40219.1
Project("{FAE04EC0-301F-11D3-BF4B-00C04F79EFBC}") = "Factory.Model", "Factory\Factory.Model.csproj", "{591D8123-AED0-447C-AD31-0F82A28EBAA4}"
EndProject
Project("{FAE04EC0-301F-11D3-BF4B-00C04F79EFBC}") = "Factory.Test", "Factory.Test\Factory.Test.csproj", "{A8621D8B-19B4-4E74-98C3-A527B6D4FFEF}"
EndProject
Project("{FAE04EC0-301F-11D3-BF4B-00C04F79EFBC}") = "Factory.Server", "Factory.Server\Factory.Server.csproj", "{7A16B5FD-24AF-4261-8104-796F359FF620}"
EndProject
Global
	GlobalSection(SolutionConfigurationPlatforms) = preSolution
		Debug|Any CPU = Debug|Any CPU
		Release|Any CPU = Release|Any CPU
	EndGlobalSection
	GlobalSection(ProjectConfigurationPlatforms) = postSolution
		{591D8123-AED0-447C-AD31-0F82A28EBAA4}.Debug|Any CPU.ActiveCfg = Debug|Any CPU
		{591D8123-AED0-447C-AD31-0F82A28EBAA4}.Debug|Any CPU.Build.0 = Debug|Any CPU
		{591D8123-AED0-447C-AD31-0F82A28EBAA4}.Release|Any CPU.ActiveCfg = Release|Any CPU
		{591D8123-AED0-447C-AD31-0F82A28EBAA4}.Release|Any CPU.Build.0 = Release|Any CPU
		{A8621D8B-19B4-4E74-98C3-A527B6D4FFEF}.Debug|Any CPU.ActiveCfg = Debug|Any CPU
		{A8621D8B-19B4-4E74-98C3-A527B6D4FFEF}.Debug|Any CPU.Build.0 = Debug|Any CPU
		{A8621D8B-19B4-4E74-98C3-A527B6D4FFEF}.Release|Any CPU.ActiveCfg = Release|Any CPU
		{A8621D8B-19B4-4E74-98C3-A527B6D4FFEF}.Release|Any CPU.Build.0 = Release|Any CPU
		{7A16B5FD-24AF-4261-8104-796F359FF620}.Debug|Any CPU.ActiveCfg = Debug|Any CPU
		{7A16B5FD-24AF-4261-8104-796F359FF620}.Debug|Any CPU.Build.0 = Debug|Any CPU
		{7A16B5FD-24AF-4261-8104-796F359FF620}.Release|Any CPU.ActiveCfg = Release|Any CPU
		{7A16B5FD-24AF-4261-8104-796F359FF620}.Release|Any CPU.Build.0 = Release|Any CPU
	EndGlobalSection
	GlobalSection(SolutionProperties) = preSolution
		HideSolutionNode = FALSE
	EndGlobalSection
EndGlobal
